
Microsoft Visual Studio Solution File, Format Version 12.00
# Visual Studio Version 17
VisualStudioVersion = 17.6.33815.320
MinimumVisualStudioVersion = 10.0.40219.1
Project("{9A19103F-16F7-4668-BE54-9A1E7A4F7556}") = "Szorzotabla", "Szorzotabla\Szorzotabla.csproj", "{2834F8FE-D3EC-4139-8387-39D80936364F}"
EndProject
Project("{9A19103F-16F7-4668-BE54-9A1E7A4F7556}") = "Fibonacci", "Fibonacci\Fibonacci.csproj", "{51C0214B-A136-43EB-B282-735C6548B368}"
EndProject
Project("{9A19103F-16F7-4668-BE54-9A1E7A4F7556}") = "Pascal", "Pascal\Pascal.csproj", "{5F25C536-ABFE-4736-AD13-8956EAD9DE79}"
EndProject
Project("{9A19103F-16F7-4668-BE54-9A1E7A4F7556}") = "VillogoGomb", "VillogoGomb\VillogoGomb.csproj", "{3011B393-0922-4ADC-A96F-48F3564D30F1}"
EndProject
Project("{9A19103F-16F7-4668-BE54-9A1E7A4F7556}") = "SzamoloGomb", "SzamoloGomb\SzamoloGomb.csproj", "{54D227B8-66EE-4E61-9378-0B157A9A8585}"
EndProject
Project("{FAE04EC0-301F-11D3-BF4B-00C04F79EFBC}") = "zh1_gyak", "zh1_gyak\zh1_gyak.csproj", "{B8314E5D-D2A6-4D0A-9A43-02055A441A9B}"
EndProject
Global
	GlobalSection(SolutionConfigurationPlatforms) = preSolution
		Debug|Any CPU = Debug|Any CPU
		Release|Any CPU = Release|Any CPU
	EndGlobalSection
	GlobalSection(ProjectConfigurationPlatforms) = postSolution
		{2834F8FE-D3EC-4139-8387-39D80936364F}.Debug|Any CPU.ActiveCfg = Debug|Any CPU
		{2834F8FE-D3EC-4139-8387-39D80936364F}.Debug|Any CPU.Build.0 = Debug|Any CPU
		{2834F8FE-D3EC-4139-8387-39D80936364F}.Release|Any CPU.ActiveCfg = Release|Any CPU
		{2834F8FE-D3EC-4139-8387-39D80936364F}.Release|Any CPU.Build.0 = Release|Any CPU
		{51C0214B-A136-43EB-B282-735C6548B368}.Debug|Any CPU.ActiveCfg = Debug|Any CPU
		{51C0214B-A136-43EB-B282-735C6548B368}.Debug|Any CPU.Build.0 = Debug|Any CPU
		{51C0214B-A136-43EB-B282-735C6548B368}.Release|Any CPU.ActiveCfg = Release|Any CPU
		{51C0214B-A136-43EB-B282-735C6548B368}.Release|Any CPU.Build.0 = Release|Any CPU
		{5F25C536-ABFE-4736-AD13-8956EAD9DE79}.Debug|Any CPU.ActiveCfg = Debug|Any CPU
		{5F25C536-ABFE-4736-AD13-8956EAD9DE79}.Debug|Any CPU.Build.0 = Debug|Any CPU
		{5F25C536-ABFE-4736-AD13-8956EAD9DE79}.Release|Any CPU.ActiveCfg = Release|Any CPU
		{5F25C536-ABFE-4736-AD13-8956EAD9DE79}.Release|Any CPU.Build.0 = Release|Any CPU
		{3011B393-0922-4ADC-A96F-48F3564D30F1}.Debug|Any CPU.ActiveCfg = Debug|Any CPU
		{3011B393-0922-4ADC-A96F-48F3564D30F1}.Debug|Any CPU.Build.0 = Debug|Any CPU
		{3011B393-0922-4ADC-A96F-48F3564D30F1}.Release|Any CPU.ActiveCfg = Release|Any CPU
		{3011B393-0922-4ADC-A96F-48F3564D30F1}.Release|Any CPU.Build.0 = Release|Any CPU
		{54D227B8-66EE-4E61-9378-0B157A9A8585}.Debug|Any CPU.ActiveCfg = Debug|Any CPU
		{54D227B8-66EE-4E61-9378-0B157A9A8585}.Debug|Any CPU.Build.0 = Debug|Any CPU
		{54D227B8-66EE-4E61-9378-0B157A9A8585}.Release|Any CPU.ActiveCfg = Release|Any CPU
		{54D227B8-66EE-4E61-9378-0B157A9A8585}.Release|Any CPU.Build.0 = Release|Any CPU
		{B8314E5D-D2A6-4D0A-9A43-02055A441A9B}.Debug|Any CPU.ActiveCfg = Debug|Any CPU
		{B8314E5D-D2A6-4D0A-9A43-02055A441A9B}.Debug|Any CPU.Build.0 = Debug|Any CPU
		{B8314E5D-D2A6-4D0A-9A43-02055A441A9B}.Release|Any CPU.ActiveCfg = Release|Any CPU
		{B8314E5D-D2A6-4D0A-9A43-02055A441A9B}.Release|Any CPU.Build.0 = Release|Any CPU
	EndGlobalSection
	GlobalSection(SolutionProperties) = preSolution
		HideSolutionNode = FALSE
	EndGlobalSection
	GlobalSection(ExtensibilityGlobals) = postSolution
		SolutionGuid = {600B1030-2BA7-431A-832C-955F2174BF90}
	EndGlobalSection
EndGlobal
