
Microsoft Visual Studio Solution File, Format Version 12.00
# Visual Studio Version 17
VisualStudioVersion = 17.6.33815.320
MinimumVisualStudioVersion = 10.0.40219.1
Project("{9A19103F-16F7-4668-BE54-9A1E7A4F7556}") = "Szorzotabla", "Szorzotabla\Szorzotabla.csproj", "{2834F8FE-D3EC-4139-8387-39D80936364F}"
EndProject
Project("{9A19103F-16F7-4668-BE54-9A1E7A4F7556}") = "Fibonacci", "Fibonacci\Fibonacci.csproj", "{51C0214B-A136-43EB-B282-735C6548B368}"
EndProject
Project("{9A19103F-16F7-4668-BE54-9A1E7A4F7556}") = "Pascal", "Pascal\Pascal.csproj", "{5F25C536-ABFE-4736-AD13-8956EAD9DE79}"
EndProject
Project("{9A19103F-16F7-4668-BE54-9A1E7A4F7556}") = "VillogoGomb", "VillogoGomb\VillogoGomb.csproj", "{3011B393-0922-4ADC-A96F-48F3564D30F1}"
EndProject
Project("{9A19103F-16F7-4668-BE54-9A1E7A4F7556}") = "SzamoloGomb", "SzamoloGomb\SzamoloGomb.csproj", "{54D227B8-66EE-4E61-9378-0B157A9A8585}"
EndProject
Project("{9A19103F-16F7-4668-BE54-9A1E7A4F7556}") = "zh1_gyak", "zh1_gyak\zh1_gyak.csproj", "{B8314E5D-D2A6-4D0A-9A43-02055A441A9B}"
EndProject
Project("{9A19103F-16F7-4668-BE54-9A1E7A4F7556}") = "zh1_gyak2", "zh1_gyak2\zh1_gyak2.csproj", "{ACEBEB40-308E-4722-8FE5-3E1339F4D58E}"
EndProject
Project("{9A19103F-16F7-4668-BE54-9A1E7A4F7556}") = "hajos_kviz", "hajos_kviz\hajos_kviz.csproj", "{EF48BAA5-85BE-45D4-B049-C48BA1E2A61F}"
EndProject
Project("{9A19103F-16F7-4668-BE54-9A1E7A4F7556}") = "kigyo", "kigyo\kigyo.csproj", "{5FE167E9-A9DF-4592-9C33-D1137ACA0581}"
EndProject
Project("{9A19103F-16F7-4668-BE54-9A1E7A4F7556}") = "7het", "7het\7het.csproj", "{78DC55AD-7E04-4059-97E3-F127B690A518}"
EndProject
Project("{9A19103F-16F7-4668-BE54-9A1E7A4F7556}") = "ZH2_gyak1", "ZH2_gyak1\ZH2_gyak1.csproj", "{5D304E98-A008-4335-BF5B-89646E4419A2}"
EndProject
Project("{9A19103F-16F7-4668-BE54-9A1E7A4F7556}") = "ZH2_gyak2", "ZH2_gyak2\ZH2_gyak2.csproj", "{5597A038-52A1-4484-A639-EA8DE7E4CC83}"
EndProject
Project("{9A19103F-16F7-4668-BE54-9A1E7A4F7556}") = "RemotelDbTest", "RemotelDbTest\RemotelDbTest\RemotelDbTest.csproj", "{9BCD929E-020F-4709-9947-74C6CBCAC0A2}"
EndProject
Project("{FAE04EC0-301F-11D3-BF4B-00C04F79EFBC}") = "adatb_kliens", "adatb_kliens\adatb_kliens.csproj", "{13C7E398-B852-4181-AD49-8CD67B88CFEC}"
EndProject
Global
	GlobalSection(SolutionConfigurationPlatforms) = preSolution
		Debug|Any CPU = Debug|Any CPU
		Release|Any CPU = Release|Any CPU
	EndGlobalSection
	GlobalSection(ProjectConfigurationPlatforms) = postSolution
		{2834F8FE-D3EC-4139-8387-39D80936364F}.Debug|Any CPU.ActiveCfg = Debug|Any CPU
		{2834F8FE-D3EC-4139-8387-39D80936364F}.Debug|Any CPU.Build.0 = Debug|Any CPU
		{2834F8FE-D3EC-4139-8387-39D80936364F}.Release|Any CPU.ActiveCfg = Release|Any CPU
		{2834F8FE-D3EC-4139-8387-39D80936364F}.Release|Any CPU.Build.0 = Release|Any CPU
		{51C0214B-A136-43EB-B282-735C6548B368}.Debug|Any CPU.ActiveCfg = Debug|Any CPU
		{51C0214B-A136-43EB-B282-735C6548B368}.Debug|Any CPU.Build.0 = Debug|Any CPU
		{51C0214B-A136-43EB-B282-735C6548B368}.Release|Any CPU.ActiveCfg = Release|Any CPU
		{51C0214B-A136-43EB-B282-735C6548B368}.Release|Any CPU.Build.0 = Release|Any CPU
		{5F25C536-ABFE-4736-AD13-8956EAD9DE79}.Debug|Any CPU.ActiveCfg = Debug|Any CPU
		{5F25C536-ABFE-4736-AD13-8956EAD9DE79}.Debug|Any CPU.Build.0 = Debug|Any CPU
		{5F25C536-ABFE-4736-AD13-8956EAD9DE79}.Release|Any CPU.ActiveCfg = Release|Any CPU
		{5F25C536-ABFE-4736-AD13-8956EAD9DE79}.Release|Any CPU.Build.0 = Release|Any CPU
		{3011B393-0922-4ADC-A96F-48F3564D30F1}.Debug|Any CPU.ActiveCfg = Debug|Any CPU
		{3011B393-0922-4ADC-A96F-48F3564D30F1}.Debug|Any CPU.Build.0 = Debug|Any CPU
		{3011B393-0922-4ADC-A96F-48F3564D30F1}.Release|Any CPU.ActiveCfg = Release|Any CPU
		{3011B393-0922-4ADC-A96F-48F3564D30F1}.Release|Any CPU.Build.0 = Release|Any CPU
		{54D227B8-66EE-4E61-9378-0B157A9A8585}.Debug|Any CPU.ActiveCfg = Debug|Any CPU
		{54D227B8-66EE-4E61-9378-0B157A9A8585}.Debug|Any CPU.Build.0 = Debug|Any CPU
		{54D227B8-66EE-4E61-9378-0B157A9A8585}.Release|Any CPU.ActiveCfg = Release|Any CPU
		{54D227B8-66EE-4E61-9378-0B157A9A8585}.Release|Any CPU.Build.0 = Release|Any CPU
		{B8314E5D-D2A6-4D0A-9A43-02055A441A9B}.Debug|Any CPU.ActiveCfg = Debug|Any CPU
		{B8314E5D-D2A6-4D0A-9A43-02055A441A9B}.Debug|Any CPU.Build.0 = Debug|Any CPU
		{B8314E5D-D2A6-4D0A-9A43-02055A441A9B}.Release|Any CPU.ActiveCfg = Release|Any CPU
		{B8314E5D-D2A6-4D0A-9A43-02055A441A9B}.Release|Any CPU.Build.0 = Release|Any CPU
		{ACEBEB40-308E-4722-8FE5-3E1339F4D58E}.Debug|Any CPU.ActiveCfg = Debug|Any CPU
		{ACEBEB40-308E-4722-8FE5-3E1339F4D58E}.Debug|Any CPU.Build.0 = Debug|Any CPU
		{ACEBEB40-308E-4722-8FE5-3E1339F4D58E}.Release|Any CPU.ActiveCfg = Release|Any CPU
		{ACEBEB40-308E-4722-8FE5-3E1339F4D58E}.Release|Any CPU.Build.0 = Release|Any CPU
		{EF48BAA5-85BE-45D4-B049-C48BA1E2A61F}.Debug|Any CPU.ActiveCfg = Debug|Any CPU
		{EF48BAA5-85BE-45D4-B049-C48BA1E2A61F}.Debug|Any CPU.Build.0 = Debug|Any CPU
		{EF48BAA5-85BE-45D4-B049-C48BA1E2A61F}.Release|Any CPU.ActiveCfg = Release|Any CPU
		{EF48BAA5-85BE-45D4-B049-C48BA1E2A61F}.Release|Any CPU.Build.0 = Release|Any CPU
		{5FE167E9-A9DF-4592-9C33-D1137ACA0581}.Debug|Any CPU.ActiveCfg = Debug|Any CPU
		{5FE167E9-A9DF-4592-9C33-D1137ACA0581}.Debug|Any CPU.Build.0 = Debug|Any CPU
		{5FE167E9-A9DF-4592-9C33-D1137ACA0581}.Release|Any CPU.ActiveCfg = Release|Any CPU
		{5FE167E9-A9DF-4592-9C33-D1137ACA0581}.Release|Any CPU.Build.0 = Release|Any CPU
		{78DC55AD-7E04-4059-97E3-F127B690A518}.Debug|Any CPU.ActiveCfg = Debug|Any CPU
		{78DC55AD-7E04-4059-97E3-F127B690A518}.Debug|Any CPU.Build.0 = Debug|Any CPU
		{78DC55AD-7E04-4059-97E3-F127B690A518}.Release|Any CPU.ActiveCfg = Release|Any CPU
		{78DC55AD-7E04-4059-97E3-F127B690A518}.Release|Any CPU.Build.0 = Release|Any CPU
		{5D304E98-A008-4335-BF5B-89646E4419A2}.Debug|Any CPU.ActiveCfg = Debug|Any CPU
		{5D304E98-A008-4335-BF5B-89646E4419A2}.Debug|Any CPU.Build.0 = Debug|Any CPU
		{5D304E98-A008-4335-BF5B-89646E4419A2}.Release|Any CPU.ActiveCfg = Release|Any CPU
		{5D304E98-A008-4335-BF5B-89646E4419A2}.Release|Any CPU.Build.0 = Release|Any CPU
		{5597A038-52A1-4484-A639-EA8DE7E4CC83}.Debug|Any CPU.ActiveCfg = Debug|Any CPU
		{5597A038-52A1-4484-A639-EA8DE7E4CC83}.Debug|Any CPU.Build.0 = Debug|Any CPU
		{5597A038-52A1-4484-A639-EA8DE7E4CC83}.Release|Any CPU.ActiveCfg = Release|Any CPU
		{5597A038-52A1-4484-A639-EA8DE7E4CC83}.Release|Any CPU.Build.0 = Release|Any CPU
		{9BCD929E-020F-4709-9947-74C6CBCAC0A2}.Debug|Any CPU.ActiveCfg = Debug|Any CPU
		{9BCD929E-020F-4709-9947-74C6CBCAC0A2}.Debug|Any CPU.Build.0 = Debug|Any CPU
		{9BCD929E-020F-4709-9947-74C6CBCAC0A2}.Release|Any CPU.ActiveCfg = Release|Any CPU
		{9BCD929E-020F-4709-9947-74C6CBCAC0A2}.Release|Any CPU.Build.0 = Release|Any CPU
		{13C7E398-B852-4181-AD49-8CD67B88CFEC}.Debug|Any CPU.ActiveCfg = Debug|Any CPU
		{13C7E398-B852-4181-AD49-8CD67B88CFEC}.Debug|Any CPU.Build.0 = Debug|Any CPU
		{13C7E398-B852-4181-AD49-8CD67B88CFEC}.Release|Any CPU.ActiveCfg = Release|Any CPU
		{13C7E398-B852-4181-AD49-8CD67B88CFEC}.Release|Any CPU.Build.0 = Release|Any CPU
	EndGlobalSection
	GlobalSection(SolutionProperties) = preSolution
		HideSolutionNode = FALSE
	EndGlobalSection
	GlobalSection(ExtensibilityGlobals) = postSolution
		SolutionGuid = {600B1030-2BA7-431A-832C-955F2174BF90}
	EndGlobalSection
EndGlobal
